
Microsoft Visual Studio Solution File, Format Version 12.00
# Visual Studio Version 16
VisualStudioVersion = 16.0.31624.102
MinimumVisualStudioVersion = 10.0.40219.1
Project("{FAE04EC0-301F-11D3-BF4B-00C04F79EFBC}") = "consoleapp-windows", "consoleapp-windows\consoleapp-windows.csproj", "{CECCB43E-F546-45CE-85E1-85B68FF83859}"
EndProject
Global
	GlobalSection(SolutionConfigurationPlatforms) = preSolution
		Debug|Any CPU = Debug|Any CPU
		Release|Any CPU = Release|Any CPU
	EndGlobalSection
	GlobalSection(ProjectConfigurationPlatforms) = postSolution
		{CECCB43E-F546-45CE-85E1-85B68FF83859}.Debug|Any CPU.ActiveCfg = Debug|Any CPU
		{CECCB43E-F546-45CE-85E1-85B68FF83859}.Debug|Any CPU.Build.0 = Debug|Any CPU
		{CECCB43E-F546-45CE-85E1-85B68FF83859}.Release|Any CPU.ActiveCfg = Release|Any CPU
		{CECCB43E-F546-45CE-85E1-85B68FF83859}.Release|Any CPU.Build.0 = Release|Any CPU
	EndGlobalSection
	GlobalSection(SolutionProperties) = preSolution
		HideSolutionNode = FALSE
	EndGlobalSection
	GlobalSection(ExtensibilityGlobals) = postSolution
		SolutionGuid = {CE999674-A00E-4B36-B4ED-1F071FEB5D96}
	EndGlobalSection
EndGlobal
